// !$*UTF8*$!
{
	archiveVersion = 1;
	classes = {
	};
	objectVersion = 46;
	objects = {

/* Begin PBXBuildFile section */
		666F8B4D25D2760EBAC6BEF6 /* libPods.a in Frameworks */ = {isa = PBXBuildFile; fileRef = 86534B2DBDD47609144E3732 /* libPods.a */; };
		84B0D7F71B4B1EE1008BC181 /* main.m in Sources */ = {isa = PBXBuildFile; fileRef = 84B0D7F61B4B1EE1008BC181 /* main.m */; };
		84B0D7FA1B4B1EE1008BC181 /* AppDelegate.m in Sources */ = {isa = PBXBuildFile; fileRef = 84B0D7F91B4B1EE1008BC181 /* AppDelegate.m */; };
		84B0D7FD1B4B1EE1008BC181 /* EEOauthWebViewController.m in Sources */ = {isa = PBXBuildFile; fileRef = 84B0D7FC1B4B1EE1008BC181 /* EEOauthWebViewController.m */; };
		84B0D8001B4B1EE1008BC181 /* Main.storyboard in Resources */ = {isa = PBXBuildFile; fileRef = 84B0D7FE1B4B1EE1008BC181 /* Main.storyboard */; };
		84B0D8021B4B1EE1008BC181 /* Images.xcassets in Resources */ = {isa = PBXBuildFile; fileRef = 84B0D8011B4B1EE1008BC181 /* Images.xcassets */; };
		84B0D8051B4B1EE1008BC181 /* LaunchScreen.xib in Resources */ = {isa = PBXBuildFile; fileRef = 84B0D8031B4B1EE1008BC181 /* LaunchScreen.xib */; };
		84B0D8111B4B1EE1008BC181 /* VkClientTests.m in Sources */ = {isa = PBXBuildFile; fileRef = 84B0D8101B4B1EE1008BC181 /* VkClientTests.m */; };
		84B0D81F1B4C0DDC008BC181 /* EEUIColorOwnColors.m in Sources */ = {isa = PBXBuildFile; fileRef = 84B0D81E1B4C0DDC008BC181 /* EEUIColorOwnColors.m */; };
		84B0D8251B4C3DE4008BC181 /* EELayerButton.m in Sources */ = {isa = PBXBuildFile; fileRef = 84B0D8241B4C3DE4008BC181 /* EELayerButton.m */; };
		84B0D8301B515B3D008BC181 /* EETableViewController.m in Sources */ = {isa = PBXBuildFile; fileRef = 84B0D82F1B515B3D008BC181 /* EETableViewController.m */; };
		84DF16A61B57DCEC0092A6FF /* EELogInViewController.m in Sources */ = {isa = PBXBuildFile; fileRef = 84DF16A51B57DCEC0092A6FF /* EELogInViewController.m */; };
		84DF16AC1B57FE8C0092A6FF /* EEVkClientManager.m in Sources */ = {isa = PBXBuildFile; fileRef = 84DF16AB1B57FE8C0092A6FF /* EEVkClientManager.m */; };
/* End PBXBuildFile section */

/* Begin PBXContainerItemProxy section */
		84B0D80B1B4B1EE1008BC181 /* PBXContainerItemProxy */ = {
			isa = PBXContainerItemProxy;
			containerPortal = 84B0D7E91B4B1EE1008BC181 /* Project object */;
			proxyType = 1;
			remoteGlobalIDString = 84B0D7F01B4B1EE1008BC181;
			remoteInfo = VkClient;
		};
/* End PBXContainerItemProxy section */

/* Begin PBXFileReference section */
		76DADC50FF1753B856A7E5F9 /* Pods.release.xcconfig */ = {isa = PBXFileReference; includeInIndex = 1; lastKnownFileType = text.xcconfig; name = Pods.release.xcconfig; path = "Pods/Target Support Files/Pods/Pods.release.xcconfig"; sourceTree = "<group>"; };
		84B0D7F11B4B1EE1008BC181 /* VkClient.app */ = {isa = PBXFileReference; explicitFileType = wrapper.application; includeInIndex = 0; path = VkClient.app; sourceTree = BUILT_PRODUCTS_DIR; };
		84B0D7F51B4B1EE1008BC181 /* Info.plist */ = {isa = PBXFileReference; lastKnownFileType = text.plist.xml; path = Info.plist; sourceTree = "<group>"; };
		84B0D7F61B4B1EE1008BC181 /* main.m */ = {isa = PBXFileReference; lastKnownFileType = sourcecode.c.objc; path = main.m; sourceTree = "<group>"; };
		84B0D7F81B4B1EE1008BC181 /* AppDelegate.h */ = {isa = PBXFileReference; lastKnownFileType = sourcecode.c.h; path = AppDelegate.h; sourceTree = "<group>"; };
		84B0D7F91B4B1EE1008BC181 /* AppDelegate.m */ = {isa = PBXFileReference; lastKnownFileType = sourcecode.c.objc; path = AppDelegate.m; sourceTree = "<group>"; };
		84B0D7FB1B4B1EE1008BC181 /* EEOauthWebViewController.h */ = {isa = PBXFileReference; lastKnownFileType = sourcecode.c.h; path = EEOauthWebViewController.h; sourceTree = "<group>"; };
		84B0D7FC1B4B1EE1008BC181 /* EEOauthWebViewController.m */ = {isa = PBXFileReference; lastKnownFileType = sourcecode.c.objc; path = EEOauthWebViewController.m; sourceTree = "<group>"; };
		84B0D7FF1B4B1EE1008BC181 /* Base */ = {isa = PBXFileReference; lastKnownFileType = file.storyboard; name = Base; path = Base.lproj/Main.storyboard; sourceTree = "<group>"; };
		84B0D8011B4B1EE1008BC181 /* Images.xcassets */ = {isa = PBXFileReference; lastKnownFileType = folder.assetcatalog; path = Images.xcassets; sourceTree = "<group>"; };
		84B0D8041B4B1EE1008BC181 /* Base */ = {isa = PBXFileReference; lastKnownFileType = file.xib; name = Base; path = Base.lproj/LaunchScreen.xib; sourceTree = "<group>"; };
		84B0D80A1B4B1EE1008BC181 /* VkClientTests.xctest */ = {isa = PBXFileReference; explicitFileType = wrapper.cfbundle; includeInIndex = 0; path = VkClientTests.xctest; sourceTree = BUILT_PRODUCTS_DIR; };
		84B0D80F1B4B1EE1008BC181 /* Info.plist */ = {isa = PBXFileReference; lastKnownFileType = text.plist.xml; path = Info.plist; sourceTree = "<group>"; };
		84B0D8101B4B1EE1008BC181 /* VkClientTests.m */ = {isa = PBXFileReference; lastKnownFileType = sourcecode.c.objc; path = VkClientTests.m; sourceTree = "<group>"; };
		84B0D81D1B4C0DDC008BC181 /* EEUIColorOwnColors.h */ = {isa = PBXFileReference; fileEncoding = 4; lastKnownFileType = sourcecode.c.h; path = EEUIColorOwnColors.h; sourceTree = "<group>"; };
		84B0D81E1B4C0DDC008BC181 /* EEUIColorOwnColors.m */ = {isa = PBXFileReference; fileEncoding = 4; lastKnownFileType = sourcecode.c.objc; path = EEUIColorOwnColors.m; sourceTree = "<group>"; };
		84B0D8231B4C3DE4008BC181 /* EELayerButton.h */ = {isa = PBXFileReference; fileEncoding = 4; lastKnownFileType = sourcecode.c.h; path = EELayerButton.h; sourceTree = "<group>"; };
		84B0D8241B4C3DE4008BC181 /* EELayerButton.m */ = {isa = PBXFileReference; fileEncoding = 4; lastKnownFileType = sourcecode.c.objc; path = EELayerButton.m; sourceTree = "<group>"; };
		84B0D82E1B515B3D008BC181 /* EETableViewController.h */ = {isa = PBXFileReference; fileEncoding = 4; lastKnownFileType = sourcecode.c.h; path = EETableViewController.h; sourceTree = "<group>"; };
		84B0D82F1B515B3D008BC181 /* EETableViewController.m */ = {isa = PBXFileReference; fileEncoding = 4; lastKnownFileType = sourcecode.c.objc; path = EETableViewController.m; sourceTree = "<group>"; };
		84DF16A41B57DCEC0092A6FF /* EELogInViewController.h */ = {isa = PBXFileReference; fileEncoding = 4; lastKnownFileType = sourcecode.c.h; path = EELogInViewController.h; sourceTree = "<group>"; };
		84DF16A51B57DCEC0092A6FF /* EELogInViewController.m */ = {isa = PBXFileReference; fileEncoding = 4; lastKnownFileType = sourcecode.c.objc; path = EELogInViewController.m; sourceTree = "<group>"; };
		84DF16AA1B57FE8C0092A6FF /* EEVkClientManager.h */ = {isa = PBXFileReference; fileEncoding = 4; lastKnownFileType = sourcecode.c.h; path = EEVkClientManager.h; sourceTree = "<group>"; };
		84DF16AB1B57FE8C0092A6FF /* EEVkClientManager.m */ = {isa = PBXFileReference; fileEncoding = 4; lastKnownFileType = sourcecode.c.objc; path = EEVkClientManager.m; sourceTree = "<group>"; };
		86534B2DBDD47609144E3732 /* libPods.a */ = {isa = PBXFileReference; explicitFileType = archive.ar; includeInIndex = 0; path = libPods.a; sourceTree = BUILT_PRODUCTS_DIR; };
		D016513710E26B93EF163BAE /* Pods.debug.xcconfig */ = {isa = PBXFileReference; includeInIndex = 1; lastKnownFileType = text.xcconfig; name = Pods.debug.xcconfig; path = "Pods/Target Support Files/Pods/Pods.debug.xcconfig"; sourceTree = "<group>"; };
/* End PBXFileReference section */

/* Begin PBXFrameworksBuildPhase section */
		84B0D7EE1B4B1EE1008BC181 /* Frameworks */ = {
			isa = PBXFrameworksBuildPhase;
			buildActionMask = 2147483647;
			files = (
				666F8B4D25D2760EBAC6BEF6 /* libPods.a in Frameworks */,
			);
			runOnlyForDeploymentPostprocessing = 0;
		};
		84B0D8071B4B1EE1008BC181 /* Frameworks */ = {
			isa = PBXFrameworksBuildPhase;
			buildActionMask = 2147483647;
			files = (
			);
			runOnlyForDeploymentPostprocessing = 0;
		};
/* End PBXFrameworksBuildPhase section */

/* Begin PBXGroup section */
		84B0D7E81B4B1EE1008BC181 = {
			isa = PBXGroup;
			children = (
				84B0D7F31B4B1EE1008BC181 /* VkClient */,
				84B0D80D1B4B1EE1008BC181 /* VkClientTests */,
				84B0D7F21B4B1EE1008BC181 /* Products */,
				FB612546235AA035130F8CC0 /* Pods */,
				EF6BB01CF50B1E56BD358B8A /* Frameworks */,
			);
			sourceTree = "<group>";
		};
		84B0D7F21B4B1EE1008BC181 /* Products */ = {
			isa = PBXGroup;
			children = (
				84B0D7F11B4B1EE1008BC181 /* VkClient.app */,
				84B0D80A1B4B1EE1008BC181 /* VkClientTests.xctest */,
			);
			name = Products;
			sourceTree = "<group>";
		};
		84B0D7F31B4B1EE1008BC181 /* VkClient */ = {
			isa = PBXGroup;
			children = (
				84B0D8201B4C0DFC008BC181 /* Additions */,
				84B0D7F81B4B1EE1008BC181 /* AppDelegate.h */,
				84B0D7F91B4B1EE1008BC181 /* AppDelegate.m */,
				84DF16AA1B57FE8C0092A6FF /* EEVkClientManager.h */,
				84DF16AB1B57FE8C0092A6FF /* EEVkClientManager.m */,
				84DF16AD1B580E540092A6FF /* ViewControllers */,
				84B0D7FE1B4B1EE1008BC181 /* Main.storyboard */,
				84B0D8011B4B1EE1008BC181 /* Images.xcassets */,
				84B0D8031B4B1EE1008BC181 /* LaunchScreen.xib */,
				84B0D7F41B4B1EE1008BC181 /* Supporting Files */,
			);
			path = VkClient;
			sourceTree = "<group>";
		};
		84B0D7F41B4B1EE1008BC181 /* Supporting Files */ = {
			isa = PBXGroup;
			children = (
				84B0D7F51B4B1EE1008BC181 /* Info.plist */,
				84B0D7F61B4B1EE1008BC181 /* main.m */,
			);
			name = "Supporting Files";
			sourceTree = "<group>";
		};
		84B0D80D1B4B1EE1008BC181 /* VkClientTests */ = {
			isa = PBXGroup;
			children = (
				84B0D8101B4B1EE1008BC181 /* VkClientTests.m */,
				84B0D80E1B4B1EE1008BC181 /* Supporting Files */,
			);
			path = VkClientTests;
			sourceTree = "<group>";
		};
		84B0D80E1B4B1EE1008BC181 /* Supporting Files */ = {
			isa = PBXGroup;
			children = (
				84B0D80F1B4B1EE1008BC181 /* Info.plist */,
			);
			name = "Supporting Files";
			sourceTree = "<group>";
		};
		84B0D8201B4C0DFC008BC181 /* Additions */ = {
			isa = PBXGroup;
			children = (
				84B0D8221B4C120D008BC181 /* EELayerButton */,
				84B0D8211B4C0E2D008BC181 /* EEUIColorOwnColors */,
			);
			name = Additions;
			sourceTree = "<group>";
		};
		84B0D8211B4C0E2D008BC181 /* EEUIColorOwnColors */ = {
			isa = PBXGroup;
			children = (
				84B0D81D1B4C0DDC008BC181 /* EEUIColorOwnColors.h */,
				84B0D81E1B4C0DDC008BC181 /* EEUIColorOwnColors.m */,
			);
			name = EEUIColorOwnColors;
			sourceTree = "<group>";
		};
		84B0D8221B4C120D008BC181 /* EELayerButton */ = {
			isa = PBXGroup;
			children = (
				84B0D8231B4C3DE4008BC181 /* EELayerButton.h */,
				84B0D8241B4C3DE4008BC181 /* EELayerButton.m */,
			);
			name = EELayerButton;
			sourceTree = "<group>";
		};
		84DF16AD1B580E540092A6FF /* ViewControllers */ = {
			isa = PBXGroup;
			children = (
				84DF16AF1B580E900092A6FF /* EELogInViewController */,
				84DF16AE1B580E700092A6FF /* EEOauthWebViewController */,
				84DF16B01B580EDE0092A6FF /* EEMainWebViewController */,
			);
			name = ViewControllers;
			sourceTree = "<group>";
		};
		84DF16AE1B580E700092A6FF /* EEOauthWebViewController */ = {
			isa = PBXGroup;
			children = (
				84B0D7FB1B4B1EE1008BC181 /* EEOauthWebViewController.h */,
				84B0D7FC1B4B1EE1008BC181 /* EEOauthWebViewController.m */,
			);
			name = EEOauthWebViewController;
			sourceTree = "<group>";
		};
		84DF16AF1B580E900092A6FF /* EELogInViewController */ = {
			isa = PBXGroup;
			children = (
				84DF16A41B57DCEC0092A6FF /* EELogInViewController.h */,
				84DF16A51B57DCEC0092A6FF /* EELogInViewController.m */,
			);
			name = EELogInViewController;
			sourceTree = "<group>";
		};
		84DF16B01B580EDE0092A6FF /* EEMainWebViewController */ = {
			isa = PBXGroup;
			children = (
				84B0D82E1B515B3D008BC181 /* EETableViewController.h */,
				84B0D82F1B515B3D008BC181 /* EETableViewController.m */,
			);
			name = EEMainWebViewController;
			sourceTree = "<group>";
		};
		EF6BB01CF50B1E56BD358B8A /* Frameworks */ = {
			isa = PBXGroup;
			children = (
				86534B2DBDD47609144E3732 /* libPods.a */,
			);
			name = Frameworks;
			sourceTree = "<group>";
		};
		FB612546235AA035130F8CC0 /* Pods */ = {
			isa = PBXGroup;
			children = (
				D016513710E26B93EF163BAE /* Pods.debug.xcconfig */,
				76DADC50FF1753B856A7E5F9 /* Pods.release.xcconfig */,
			);
			name = Pods;
			sourceTree = "<group>";
		};
/* End PBXGroup section */

/* Begin PBXNativeTarget section */
		84B0D7F01B4B1EE1008BC181 /* VkClient */ = {
			isa = PBXNativeTarget;
			buildConfigurationList = 84B0D8141B4B1EE1008BC181 /* Build configuration list for PBXNativeTarget "VkClient" */;
			buildPhases = (
				D6C038B29C1F7E5A0644D6C2 /* Check Pods Manifest.lock */,
				84B0D7ED1B4B1EE1008BC181 /* Sources */,
				84B0D7EE1B4B1EE1008BC181 /* Frameworks */,
				84B0D7EF1B4B1EE1008BC181 /* Resources */,
				BF005A7ED711E1D24BB4463C /* Copy Pods Resources */,
			);
			buildRules = (
			);
			dependencies = (
			);
			name = VkClient;
			productName = VkClient;
			productReference = 84B0D7F11B4B1EE1008BC181 /* VkClient.app */;
			productType = "com.apple.product-type.application";
		};
		84B0D8091B4B1EE1008BC181 /* VkClientTests */ = {
			isa = PBXNativeTarget;
			buildConfigurationList = 84B0D8171B4B1EE1008BC181 /* Build configuration list for PBXNativeTarget "VkClientTests" */;
			buildPhases = (
				84B0D8061B4B1EE1008BC181 /* Sources */,
				84B0D8071B4B1EE1008BC181 /* Frameworks */,
				84B0D8081B4B1EE1008BC181 /* Resources */,
			);
			buildRules = (
			);
			dependencies = (
				84B0D80C1B4B1EE1008BC181 /* PBXTargetDependency */,
			);
			name = VkClientTests;
			productName = VkClientTests;
			productReference = 84B0D80A1B4B1EE1008BC181 /* VkClientTests.xctest */;
			productType = "com.apple.product-type.bundle.unit-test";
		};
/* End PBXNativeTarget section */

/* Begin PBXProject section */
		84B0D7E91B4B1EE1008BC181 /* Project object */ = {
			isa = PBXProject;
			attributes = {
				LastUpgradeCheck = 0630;
				ORGANIZATIONNAME = Dariya;
				TargetAttributes = {
					84B0D7F01B4B1EE1008BC181 = {
						CreatedOnToolsVersion = 6.3.2;
					};
					84B0D8091B4B1EE1008BC181 = {
						CreatedOnToolsVersion = 6.3.2;
						TestTargetID = 84B0D7F01B4B1EE1008BC181;
					};
				};
			};
			buildConfigurationList = 84B0D7EC1B4B1EE1008BC181 /* Build configuration list for PBXProject "VkClient" */;
			compatibilityVersion = "Xcode 3.2";
			developmentRegion = English;
			hasScannedForEncodings = 0;
			knownRegions = (
				en,
				Base,
			);
			mainGroup = 84B0D7E81B4B1EE1008BC181;
			productRefGroup = 84B0D7F21B4B1EE1008BC181 /* Products */;
			projectDirPath = "";
			projectRoot = "";
			targets = (
				84B0D7F01B4B1EE1008BC181 /* VkClient */,
				84B0D8091B4B1EE1008BC181 /* VkClientTests */,
			);
		};
/* End PBXProject section */

/* Begin PBXResourcesBuildPhase section */
		84B0D7EF1B4B1EE1008BC181 /* Resources */ = {
			isa = PBXResourcesBuildPhase;
			buildActionMask = 2147483647;
			files = (
				84B0D8001B4B1EE1008BC181 /* Main.storyboard in Resources */,
				84B0D8051B4B1EE1008BC181 /* LaunchScreen.xib in Resources */,
				84B0D8021B4B1EE1008BC181 /* Images.xcassets in Resources */,
			);
			runOnlyForDeploymentPostprocessing = 0;
		};
		84B0D8081B4B1EE1008BC181 /* Resources */ = {
			isa = PBXResourcesBuildPhase;
			buildActionMask = 2147483647;
			files = (
			);
			runOnlyForDeploymentPostprocessing = 0;
		};
/* End PBXResourcesBuildPhase section */

/* Begin PBXShellScriptBuildPhase section */
		BF005A7ED711E1D24BB4463C /* Copy Pods Resources */ = {
			isa = PBXShellScriptBuildPhase;
			buildActionMask = 2147483647;
			files = (
			);
			inputPaths = (
			);
			name = "Copy Pods Resources";
			outputPaths = (
			);
			runOnlyForDeploymentPostprocessing = 0;
			shellPath = /bin/sh;
			shellScript = "\"${SRCROOT}/Pods/Target Support Files/Pods/Pods-resources.sh\"\n";
			showEnvVarsInLog = 0;
		};
		D6C038B29C1F7E5A0644D6C2 /* Check Pods Manifest.lock */ = {
			isa = PBXShellScriptBuildPhase;
			buildActionMask = 2147483647;
			files = (
			);
			inputPaths = (
			);
			name = "Check Pods Manifest.lock";
			outputPaths = (
			);
			runOnlyForDeploymentPostprocessing = 0;
			shellPath = /bin/sh;
			shellScript = "diff \"${PODS_ROOT}/../Podfile.lock\" \"${PODS_ROOT}/Manifest.lock\" > /dev/null\nif [[ $? != 0 ]] ; then\n    cat << EOM\nerror: The sandbox is not in sync with the Podfile.lock. Run 'pod install' or update your CocoaPods installation.\nEOM\n    exit 1\nfi\n";
			showEnvVarsInLog = 0;
		};
/* End PBXShellScriptBuildPhase section */

/* Begin PBXSourcesBuildPhase section */
		84B0D7ED1B4B1EE1008BC181 /* Sources */ = {
			isa = PBXSourcesBuildPhase;
			buildActionMask = 2147483647;
			files = (
				84B0D81F1B4C0DDC008BC181 /* EEUIColorOwnColors.m in Sources */,
				84B0D8251B4C3DE4008BC181 /* EELayerButton.m in Sources */,
				84B0D7FD1B4B1EE1008BC181 /* EEOauthWebViewController.m in Sources */,
				84DF16AC1B57FE8C0092A6FF /* EEVkClientManager.m in Sources */,
				84B0D8301B515B3D008BC181 /* EETableViewController.m in Sources */,
				84DF16A61B57DCEC0092A6FF /* EELogInViewController.m in Sources */,
				84B0D7FA1B4B1EE1008BC181 /* AppDelegate.m in Sources */,
				84B0D7F71B4B1EE1008BC181 /* main.m in Sources */,
			);
			runOnlyForDeploymentPostprocessing = 0;
		};
		84B0D8061B4B1EE1008BC181 /* Sources */ = {
			isa = PBXSourcesBuildPhase;
			buildActionMask = 2147483647;
			files = (
				84B0D8111B4B1EE1008BC181 /* VkClientTests.m in Sources */,
			);
			runOnlyForDeploymentPostprocessing = 0;
		};
/* End PBXSourcesBuildPhase section */

/* Begin PBXTargetDependency section */
		84B0D80C1B4B1EE1008BC181 /* PBXTargetDependency */ = {
			isa = PBXTargetDependency;
			target = 84B0D7F01B4B1EE1008BC181 /* VkClient */;
			targetProxy = 84B0D80B1B4B1EE1008BC181 /* PBXContainerItemProxy */;
		};
/* End PBXTargetDependency section */

/* Begin PBXVariantGroup section */
		84B0D7FE1B4B1EE1008BC181 /* Main.storyboard */ = {
			isa = PBXVariantGroup;
			children = (
				84B0D7FF1B4B1EE1008BC181 /* Base */,
			);
			name = Main.storyboard;
			sourceTree = "<group>";
		};
		84B0D8031B4B1EE1008BC181 /* LaunchScreen.xib */ = {
			isa = PBXVariantGroup;
			children = (
				84B0D8041B4B1EE1008BC181 /* Base */,
			);
			name = LaunchScreen.xib;
			sourceTree = "<group>";
		};
/* End PBXVariantGroup section */

/* Begin XCBuildConfiguration section */
		84B0D8121B4B1EE1008BC181 /* Debug */ = {
			isa = XCBuildConfiguration;
			buildSettings = {
				ALWAYS_SEARCH_USER_PATHS = NO;
				CLANG_CXX_LANGUAGE_STANDARD = "gnu++0x";
				CLANG_CXX_LIBRARY = "libc++";
				CLANG_ENABLE_MODULES = YES;
				CLANG_ENABLE_OBJC_ARC = YES;
				CLANG_WARN_BOOL_CONVERSION = YES;
				CLANG_WARN_CONSTANT_CONVERSION = YES;
				CLANG_WARN_DIRECT_OBJC_ISA_USAGE = YES_ERROR;
				CLANG_WARN_EMPTY_BODY = YES;
				CLANG_WARN_ENUM_CONVERSION = YES;
				CLANG_WARN_INT_CONVERSION = YES;
				CLANG_WARN_OBJC_ROOT_CLASS = YES_ERROR;
				CLANG_WARN_UNREACHABLE_CODE = YES;
				CLANG_WARN__DUPLICATE_METHOD_MATCH = YES;
				"CODE_SIGN_IDENTITY[sdk=iphoneos*]" = "iPhone Developer";
				COPY_PHASE_STRIP = NO;
				DEBUG_INFORMATION_FORMAT = "dwarf-with-dsym";
				ENABLE_STRICT_OBJC_MSGSEND = YES;
				GCC_C_LANGUAGE_STANDARD = gnu99;
				GCC_DYNAMIC_NO_PIC = NO;
				GCC_NO_COMMON_BLOCKS = YES;
				GCC_OPTIMIZATION_LEVEL = 0;
				GCC_PREPROCESSOR_DEFINITIONS = (
					"DEBUG=1",
					"$(inherited)",
				);
				GCC_SYMBOLS_PRIVATE_EXTERN = NO;
				GCC_WARN_64_TO_32_BIT_CONVERSION = YES;
				GCC_WARN_ABOUT_RETURN_TYPE = YES_ERROR;
				GCC_WARN_UNDECLARED_SELECTOR = YES;
				GCC_WARN_UNINITIALIZED_AUTOS = YES_AGGRESSIVE;
				GCC_WARN_UNUSED_FUNCTION = YES;
				GCC_WARN_UNUSED_VARIABLE = YES;
				IPHONEOS_DEPLOYMENT_TARGET = 8.3;
				MTL_ENABLE_DEBUG_INFO = YES;
				ONLY_ACTIVE_ARCH = YES;
				SDKROOT = iphoneos;
			};
			name = Debug;
		};
		84B0D8131B4B1EE1008BC181 /* Release */ = {
			isa = XCBuildConfiguration;
			buildSettings = {
				ALWAYS_SEARCH_USER_PATHS = NO;
				CLANG_CXX_LANGUAGE_STANDARD = "gnu++0x";
				CLANG_CXX_LIBRARY = "libc++";
				CLANG_ENABLE_MODULES = YES;
				CLANG_ENABLE_OBJC_ARC = YES;
				CLANG_WARN_BOOL_CONVERSION = YES;
				CLANG_WARN_CONSTANT_CONVERSION = YES;
				CLANG_WARN_DIRECT_OBJC_ISA_USAGE = YES_ERROR;
				CLANG_WARN_EMPTY_BODY = YES;
				CLANG_WARN_ENUM_CONVERSION = YES;
				CLANG_WARN_INT_CONVERSION = YES;
				CLANG_WARN_OBJC_ROOT_CLASS = YES_ERROR;
				CLANG_WARN_UNREACHABLE_CODE = YES;
				CLANG_WARN__DUPLICATE_METHOD_MATCH = YES;
				"CODE_SIGN_IDENTITY[sdk=iphoneos*]" = "iPhone Developer";
				COPY_PHASE_STRIP = NO;
				DEBUG_INFORMATION_FORMAT = "dwarf-with-dsym";
				ENABLE_NS_ASSERTIONS = NO;
				ENABLE_STRICT_OBJC_MSGSEND = YES;
				GCC_C_LANGUAGE_STANDARD = gnu99;
				GCC_NO_COMMON_BLOCKS = YES;
				GCC_WARN_64_TO_32_BIT_CONVERSION = YES;
				GCC_WARN_ABOUT_RETURN_TYPE = YES_ERROR;
				GCC_WARN_UNDECLARED_SELECTOR = YES;
				GCC_WARN_UNINITIALIZED_AUTOS = YES_AGGRESSIVE;
				GCC_WARN_UNUSED_FUNCTION = YES;
				GCC_WARN_UNUSED_VARIABLE = YES;
				IPHONEOS_DEPLOYMENT_TARGET = 8.3;
				MTL_ENABLE_DEBUG_INFO = NO;
				SDKROOT = iphoneos;
				VALIDATE_PRODUCT = YES;
			};
			name = Release;
		};
		84B0D8151B4B1EE1008BC181 /* Debug */ = {
			isa = XCBuildConfiguration;
			baseConfigurationReference = D016513710E26B93EF163BAE /* Pods.debug.xcconfig */;
			buildSettings = {
				ASSETCATALOG_COMPILER_APPICON_NAME = AppIcon;
				INFOPLIST_FILE = VkClient/Info.plist;
				LD_RUNPATH_SEARCH_PATHS = "$(inherited) @executable_path/Frameworks";
				PRODUCT_NAME = "$(TARGET_NAME)";
			};
			name = Debug;
		};
		84B0D8161B4B1EE1008BC181 /* Release */ = {
			isa = XCBuildConfiguration;
			baseConfigurationReference = 76DADC50FF1753B856A7E5F9 /* Pods.release.xcconfig */;
			buildSettings = {
				ASSETCATALOG_COMPILER_APPICON_NAME = AppIcon;
				INFOPLIST_FILE = VkClient/Info.plist;
				LD_RUNPATH_SEARCH_PATHS = "$(inherited) @executable_path/Frameworks";
				PRODUCT_NAME = "$(TARGET_NAME)";
			};
			name = Release;
		};
		84B0D8181B4B1EE1008BC181 /* Debug */ = {
			isa = XCBuildConfiguration;
			buildSettings = {
				BUNDLE_LOADER = "$(TEST_HOST)";
				FRAMEWORK_SEARCH_PATHS = (
					"$(SDKROOT)/Developer/Library/Frameworks",
					"$(inherited)",
				);
				GCC_PREPROCESSOR_DEFINITIONS = (
					"DEBUG=1",
					"$(inherited)",
				);
				INFOPLIST_FILE = VkClientTests/Info.plist;
				LD_RUNPATH_SEARCH_PATHS = "$(inherited) @executable_path/Frameworks @loader_path/Frameworks";
				PRODUCT_NAME = "$(TARGET_NAME)";
				TEST_HOST = "$(BUILT_PRODUCTS_DIR)/VkClient.app/VkClient";
			};
			name = Debug;
		};
		84B0D8191B4B1EE1008BC181 /* Release */ = {
			isa = XCBuildConfiguration;
			buildSettings = {
				BUNDLE_LOADER = "$(TEST_HOST)";
				FRAMEWORK_SEARCH_PATHS = (
					"$(SDKROOT)/Developer/Library/Frameworks",
					"$(inherited)",
				);
				INFOPLIST_FILE = VkClientTests/Info.plist;
				LD_RUNPATH_SEARCH_PATHS = "$(inherited) @executable_path/Frameworks @loader_path/Frameworks";
				PRODUCT_NAME = "$(TARGET_NAME)";
				TEST_HOST = "$(BUILT_PRODUCTS_DIR)/VkClient.app/VkClient";
			};
			name = Release;
		};
/* End XCBuildConfiguration section */

/* Begin XCConfigurationList section */
		84B0D7EC1B4B1EE1008BC181 /* Build configuration list for PBXProject "VkClient" */ = {
			isa = XCConfigurationList;
			buildConfigurations = (
				84B0D8121B4B1EE1008BC181 /* Debug */,
				84B0D8131B4B1EE1008BC181 /* Release */,
			);
			defaultConfigurationIsVisible = 0;
			defaultConfigurationName = Release;
		};
		84B0D8141B4B1EE1008BC181 /* Build configuration list for PBXNativeTarget "VkClient" */ = {
			isa = XCConfigurationList;
			buildConfigurations = (
				84B0D8151B4B1EE1008BC181 /* Debug */,
				84B0D8161B4B1EE1008BC181 /* Release */,
			);
			defaultConfigurationIsVisible = 0;
			defaultConfigurationName = Release;
		};
		84B0D8171B4B1EE1008BC181 /* Build configuration list for PBXNativeTarget "VkClientTests" */ = {
			isa = XCConfigurationList;
			buildConfigurations = (
				84B0D8181B4B1EE1008BC181 /* Debug */,
				84B0D8191B4B1EE1008BC181 /* Release */,
			);
			defaultConfigurationIsVisible = 0;
			defaultConfigurationName = Release;
		};
/* End XCConfigurationList section */
	};
	rootObject = 84B0D7E91B4B1EE1008BC181 /* Project object */;
}
